
Microsoft Visual Studio Solution File, Format Version 12.00
# Visual Studio 15
VisualStudioVersion = 15.0.28307.1062
MinimumVisualStudioVersion = 10.0.40219.1
Project("{8BC9CEB8-8B4A-11D0-8D11-00A0C91BC942}") = "Arkanoid", "Arkanoid.vcxproj", "{A5F1DA44-0746-45BF-8CE7-12FF22131A85}"
EndProject
Global
	GlobalSection(SolutionConfigurationPlatforms) = preSolution
		Debug|x64 = Debug|x64
		Debug|x86 = Debug|x86
		Release|x64 = Release|x64
		Release|x86 = Release|x86
	EndGlobalSection
	GlobalSection(ProjectConfigurationPlatforms) = postSolution
		{A5F1DA44-0746-45BF-8CE7-12FF22131A85}.Debug|x64.ActiveCfg = Debug|x64
		{A5F1DA44-0746-45BF-8CE7-12FF22131A85}.Debug|x64.Build.0 = Debug|x64
		{A5F1DA44-0746-45BF-8CE7-12FF22131A85}.Debug|x86.ActiveCfg = Debug|Win32
		{A5F1DA44-0746-45BF-8CE7-12FF22131A85}.Debug|x86.Build.0 = Debug|Win32
		{A5F1DA44-0746-45BF-8CE7-12FF22131A85}.Release|x64.ActiveCfg = Debug|x64
		{A5F1DA44-0746-45BF-8CE7-12FF22131A85}.Release|x64.Build.0 = Debug|x64
		{A5F1DA44-0746-45BF-8CE7-12FF22131A85}.Release|x86.ActiveCfg = Release|Win32
		{A5F1DA44-0746-45BF-8CE7-12FF22131A85}.Release|x86.Build.0 = Release|Win32
	EndGlobalSection
	GlobalSection(SolutionProperties) = preSolution
		HideSolutionNode = FALSE
	EndGlobalSection
	GlobalSection(ExtensibilityGlobals) = postSolution
		SolutionGuid = {8CCA2C7D-61C3-4A73-8807-726483B81642}
	EndGlobalSection
EndGlobal
